{
  "meteor": {
    "git": "https://github.com/meteor/meteor",
    "tag": "release/0.6.6.3",
    "commit": "b55eb265d485220d865dbe21a43df08397b8bb8e"
  },
  "dependencies": {
    "basePackages": {
      "deps-extensions": {}
    },
    "packages": {
      "deps-extensions": {
        "git": "https://github.com/tmeasday/meteor-deps-extensions.git",
        "tag": "v0.1.0",
        "commit": "110462c0ba33aaeb35e55069134287325cc453e5"
      }
    }
  }
}
