{
  "meteor": {
    "git": "https://github.com/meteor/meteor",
    "branch": "master",
    "commit": "5d736d4bf0448c7db1f9b47124dfafc34a9631bb"
  },
  "dependencies": {
    "basePackages": {
      "deps-extensions": {
        "git": "https://github.com/tmeasday/meteor-deps-extensions.git",
        "branch": "master"
      }
    },
    "packages": {
      "deps-extensions": {
        "git": "https://github.com/tmeasday/meteor-deps-extensions.git",
        "branch": "master",
        "commit": "17fecee4e4ce44464145fe1f064d9cb6f50e166e"
      }
    }
  }
}
