{
  "meteor": {
    "git": "https://github.com/meteor/meteor",
    "tag": "release/0.7.2.2",
    "commit": "f49863f0dd5935f8c64cf17a9f15365eb6d4bef6"
  },
  "dependencies": {
    "basePackages": {
      "deps-extensions": {},
      "bootstrap-3": {}
    },
    "packages": {
      "deps-extensions": {
        "git": "https://github.com/tmeasday/meteor-deps-extensions.git",
        "tag": "v0.1.0",
        "commit": "110462c0ba33aaeb35e55069134287325cc453e5"
      },
      "bootstrap-3": {
        "git": "https://github.com/mangasocial/meteor-bootstrap-3.git",
        "tag": "v3.2.0-1",
        "commit": "17a63902fc6cf1096c5289d963c66cf28b474727"
      }
    }
  }
}
